
Microsoft Visual Studio Solution File, Format Version 12.00
# Visual Studio Version 17
VisualStudioVersion = 17.7.34018.315
MinimumVisualStudioVersion = 10.0.40219.1
Project("{FAE04EC0-301F-11D3-BF4B-00C04F79EFBC}") = "Prsi", "Prsi\Prsi.csproj", "{32DBD483-4D9F-49F5-8355-2F1261D2DE93}"
EndProject
Global
	GlobalSection(SolutionConfigurationPlatforms) = preSolution
		Debug|Any CPU = Debug|Any CPU
		Release|Any CPU = Release|Any CPU
	EndGlobalSection
	GlobalSection(ProjectConfigurationPlatforms) = postSolution
		{32DBD483-4D9F-49F5-8355-2F1261D2DE93}.Debug|Any CPU.ActiveCfg = Debug|Any CPU
		{32DBD483-4D9F-49F5-8355-2F1261D2DE93}.Debug|Any CPU.Build.0 = Debug|Any CPU
		{32DBD483-4D9F-49F5-8355-2F1261D2DE93}.Release|Any CPU.ActiveCfg = Release|Any CPU
		{32DBD483-4D9F-49F5-8355-2F1261D2DE93}.Release|Any CPU.Build.0 = Release|Any CPU
	EndGlobalSection
	GlobalSection(SolutionProperties) = preSolution
		HideSolutionNode = FALSE
	EndGlobalSection
	GlobalSection(ExtensibilityGlobals) = postSolution
		SolutionGuid = {2416ADD8-BAD1-411E-8E77-7F55147464DC}
	EndGlobalSection
EndGlobal
